
Microsoft Visual Studio Solution File, Format Version 12.00
# Visual Studio Version 17
VisualStudioVersion = 17.2.32630.192
MinimumVisualStudioVersion = 10.0.40219.1
Project("{FAE04EC0-301F-11D3-BF4B-00C04F79EFBC}") = "Sort_wav_csv", "Sort_wav_csv\Sort_wav_csv.csproj", "{A8AD6618-F881-4D84-95CF-7997E864240D}"
EndProject
Global
	GlobalSection(SolutionConfigurationPlatforms) = preSolution
		Debug|Any CPU = Debug|Any CPU
		Release|Any CPU = Release|Any CPU
	EndGlobalSection
	GlobalSection(ProjectConfigurationPlatforms) = postSolution
		{A8AD6618-F881-4D84-95CF-7997E864240D}.Debug|Any CPU.ActiveCfg = Debug|Any CPU
		{A8AD6618-F881-4D84-95CF-7997E864240D}.Debug|Any CPU.Build.0 = Debug|Any CPU
		{A8AD6618-F881-4D84-95CF-7997E864240D}.Release|Any CPU.ActiveCfg = Release|Any CPU
		{A8AD6618-F881-4D84-95CF-7997E864240D}.Release|Any CPU.Build.0 = Release|Any CPU
	EndGlobalSection
	GlobalSection(SolutionProperties) = preSolution
		HideSolutionNode = FALSE
	EndGlobalSection
	GlobalSection(ExtensibilityGlobals) = postSolution
		SolutionGuid = {7B8887A4-29AD-4DF5-BBD6-75D111D55D1B}
	EndGlobalSection
EndGlobal
